
Microsoft Visual Studio Solution File, Format Version 12.00
# Visual Studio Version 16
VisualStudioVersion = 16.0.31624.102
MinimumVisualStudioVersion = 10.0.40219.1
Project("{FAE04EC0-301F-11D3-BF4B-00C04F79EFBC}") = "arrays", "arrays.csproj", "{21B41215-10F9-4219-8ED0-EB5D38773576}"
EndProject
Global
	GlobalSection(SolutionConfigurationPlatforms) = preSolution
		Debug|Any CPU = Debug|Any CPU
		Release|Any CPU = Release|Any CPU
	EndGlobalSection
	GlobalSection(ProjectConfigurationPlatforms) = postSolution
		{21B41215-10F9-4219-8ED0-EB5D38773576}.Debug|Any CPU.ActiveCfg = Debug|Any CPU
		{21B41215-10F9-4219-8ED0-EB5D38773576}.Debug|Any CPU.Build.0 = Debug|Any CPU
		{21B41215-10F9-4219-8ED0-EB5D38773576}.Release|Any CPU.ActiveCfg = Release|Any CPU
		{21B41215-10F9-4219-8ED0-EB5D38773576}.Release|Any CPU.Build.0 = Release|Any CPU
	EndGlobalSection
	GlobalSection(SolutionProperties) = preSolution
		HideSolutionNode = FALSE
	EndGlobalSection
	GlobalSection(ExtensibilityGlobals) = postSolution
		SolutionGuid = {B34521DD-E617-4ED8-A6D8-EF1CCD06AAB9}
	EndGlobalSection
EndGlobal
